// !$*UTF8*$!
{
	archiveVersion = 1;
	classes = {
	};
	objectVersion = 50;
	objects = {

/* Begin PBXBuildFile section */
		6BED4F8626899A6E00DA943B /* AppDelegate.swift in Sources */ = {isa = PBXBuildFile; fileRef = 6BED4F8526899A6E00DA943B /* AppDelegate.swift */; };
		6BED4F8826899A6E00DA943B /* SceneDelegate.swift in Sources */ = {isa = PBXBuildFile; fileRef = 6BED4F8726899A6E00DA943B /* SceneDelegate.swift */; };
		6BED4F8A26899A6E00DA943B /* EmojiArtDocumentView.swift in Sources */ = {isa = PBXBuildFile; fileRef = 6BED4F8926899A6E00DA943B /* EmojiArtDocumentView.swift */; };
		6BED4F8C26899A7000DA943B /* Assets.xcassets in Resources */ = {isa = PBXBuildFile; fileRef = 6BED4F8B26899A7000DA943B /* Assets.xcassets */; };
		6BED4F8F26899A7000DA943B /* Preview Assets.xcassets in Resources */ = {isa = PBXBuildFile; fileRef = 6BED4F8E26899A7000DA943B /* Preview Assets.xcassets */; };
		6BED4F9226899A7000DA943B /* LaunchScreen.storyboard in Resources */ = {isa = PBXBuildFile; fileRef = 6BED4F9026899A7000DA943B /* LaunchScreen.storyboard */; };
		6BED4F9D26899BED00DA943B /* EmojiViewDocument.swift in Sources */ = {isa = PBXBuildFile; fileRef = 6BED4F9C26899BED00DA943B /* EmojiViewDocument.swift */; };
		6BED4F9F2689A29C00DA943B /* EmojiArt.swift in Sources */ = {isa = PBXBuildFile; fileRef = 6BED4F9E2689A29C00DA943B /* EmojiArt.swift */; };
		6BED4FA32689A6A100DA943B /* EmojiArtExtensions.swift in Sources */ = {isa = PBXBuildFile; fileRef = 6BED4FA22689A6A100DA943B /* EmojiArtExtensions.swift */; };
/* End PBXBuildFile section */

/* Begin PBXFileReference section */
		6BED4F8226899A6E00DA943B /* EmojiArt.app */ = {isa = PBXFileReference; explicitFileType = wrapper.application; includeInIndex = 0; path = EmojiArt.app; sourceTree = BUILT_PRODUCTS_DIR; };
		6BED4F8526899A6E00DA943B /* AppDelegate.swift */ = {isa = PBXFileReference; lastKnownFileType = sourcecode.swift; path = AppDelegate.swift; sourceTree = "<group>"; };
		6BED4F8726899A6E00DA943B /* SceneDelegate.swift */ = {isa = PBXFileReference; lastKnownFileType = sourcecode.swift; path = SceneDelegate.swift; sourceTree = "<group>"; };
		6BED4F8926899A6E00DA943B /* EmojiArtDocumentView.swift */ = {isa = PBXFileReference; lastKnownFileType = sourcecode.swift; path = EmojiArtDocumentView.swift; sourceTree = "<group>"; };
		6BED4F8B26899A7000DA943B /* Assets.xcassets */ = {isa = PBXFileReference; lastKnownFileType = folder.assetcatalog; path = Assets.xcassets; sourceTree = "<group>"; };
		6BED4F8E26899A7000DA943B /* Preview Assets.xcassets */ = {isa = PBXFileReference; lastKnownFileType = folder.assetcatalog; path = "Preview Assets.xcassets"; sourceTree = "<group>"; };
		6BED4F9126899A7000DA943B /* Base */ = {isa = PBXFileReference; lastKnownFileType = file.storyboard; name = Base; path = Base.lproj/LaunchScreen.storyboard; sourceTree = "<group>"; };
		6BED4F9326899A7000DA943B /* Info.plist */ = {isa = PBXFileReference; lastKnownFileType = text.plist.xml; path = Info.plist; sourceTree = "<group>"; };
		6BED4F9C26899BED00DA943B /* EmojiViewDocument.swift */ = {isa = PBXFileReference; lastKnownFileType = sourcecode.swift; path = EmojiViewDocument.swift; sourceTree = "<group>"; };
		6BED4F9E2689A29C00DA943B /* EmojiArt.swift */ = {isa = PBXFileReference; lastKnownFileType = sourcecode.swift; path = EmojiArt.swift; sourceTree = "<group>"; };
		6BED4FA22689A6A100DA943B /* EmojiArtExtensions.swift */ = {isa = PBXFileReference; fileEncoding = 4; lastKnownFileType = sourcecode.swift; path = EmojiArtExtensions.swift; sourceTree = "<group>"; };
/* End PBXFileReference section */

/* Begin PBXFrameworksBuildPhase section */
		6BED4F7F26899A6E00DA943B /* Frameworks */ = {
			isa = PBXFrameworksBuildPhase;
			buildActionMask = 2147483647;
			files = (
			);
			runOnlyForDeploymentPostprocessing = 0;
		};
/* End PBXFrameworksBuildPhase section */

/* Begin PBXGroup section */
		6BED4F7926899A6E00DA943B = {
			isa = PBXGroup;
			children = (
				6BED4F9A26899B9C00DA943B /* model */,
				6BED4F9B26899BA500DA943B /* viewmodel */,
				6BED4F9926899B8F00DA943B /* view */,
				6BED4F8426899A6E00DA943B /* EmojiArt */,
				6BED4F8326899A6E00DA943B /* Products */,
			);
			sourceTree = "<group>";
		};
		6BED4F8326899A6E00DA943B /* Products */ = {
			isa = PBXGroup;
			children = (
				6BED4F8226899A6E00DA943B /* EmojiArt.app */,
			);
			name = Products;
			sourceTree = "<group>";
		};
		6BED4F8426899A6E00DA943B /* EmojiArt */ = {
			isa = PBXGroup;
			children = (
				6BED4F8526899A6E00DA943B /* AppDelegate.swift */,
				6BED4FA22689A6A100DA943B /* EmojiArtExtensions.swift */,
				6BED4F8726899A6E00DA943B /* SceneDelegate.swift */,
				6BED4F8B26899A7000DA943B /* Assets.xcassets */,
				6BED4F9026899A7000DA943B /* LaunchScreen.storyboard */,
				6BED4F9326899A7000DA943B /* Info.plist */,
				6BED4F8D26899A7000DA943B /* Preview Content */,
			);
			path = EmojiArt;
			sourceTree = "<group>";
		};
		6BED4F8D26899A7000DA943B /* Preview Content */ = {
			isa = PBXGroup;
			children = (
				6BED4F8E26899A7000DA943B /* Preview Assets.xcassets */,
			);
			path = "Preview Content";
			sourceTree = "<group>";
		};
		6BED4F9926899B8F00DA943B /* view */ = {
			isa = PBXGroup;
			children = (
				6BED4F8926899A6E00DA943B /* EmojiArtDocumentView.swift */,
			);
			path = view;
			sourceTree = "<group>";
		};
		6BED4F9A26899B9C00DA943B /* model */ = {
			isa = PBXGroup;
			children = (
				6BED4F9E2689A29C00DA943B /* EmojiArt.swift */,
			);
			path = model;
			sourceTree = "<group>";
		};
		6BED4F9B26899BA500DA943B /* viewmodel */ = {
			isa = PBXGroup;
			children = (
				6BED4F9C26899BED00DA943B /* EmojiViewDocument.swift */,
			);
			path = viewmodel;
			sourceTree = "<group>";
		};
/* End PBXGroup section */

/* Begin PBXNativeTarget section */
		6BED4F8126899A6E00DA943B /* EmojiArt */ = {
			isa = PBXNativeTarget;
			buildConfigurationList = 6BED4F9626899A7000DA943B /* Build configuration list for PBXNativeTarget "EmojiArt" */;
			buildPhases = (
				6BED4F7E26899A6E00DA943B /* Sources */,
				6BED4F7F26899A6E00DA943B /* Frameworks */,
				6BED4F8026899A6E00DA943B /* Resources */,
			);
			buildRules = (
			);
			dependencies = (
			);
			name = EmojiArt;
			productName = EmojiArt;
			productReference = 6BED4F8226899A6E00DA943B /* EmojiArt.app */;
			productType = "com.apple.product-type.application";
		};
/* End PBXNativeTarget section */

/* Begin PBXProject section */
		6BED4F7A26899A6E00DA943B /* Project object */ = {
			isa = PBXProject;
			attributes = {
				LastSwiftUpdateCheck = 1250;
				LastUpgradeCheck = 1250;
				TargetAttributes = {
					6BED4F8126899A6E00DA943B = {
						CreatedOnToolsVersion = 12.5;
					};
				};
			};
			buildConfigurationList = 6BED4F7D26899A6E00DA943B /* Build configuration list for PBXProject "EmojiArt" */;
			compatibilityVersion = "Xcode 9.3";
			developmentRegion = en;
			hasScannedForEncodings = 0;
			knownRegions = (
				en,
				Base,
			);
			mainGroup = 6BED4F7926899A6E00DA943B;
			productRefGroup = 6BED4F8326899A6E00DA943B /* Products */;
			projectDirPath = "";
			projectRoot = "";
			targets = (
				6BED4F8126899A6E00DA943B /* EmojiArt */,
			);
		};
/* End PBXProject section */

/* Begin PBXResourcesBuildPhase section */
		6BED4F8026899A6E00DA943B /* Resources */ = {
			isa = PBXResourcesBuildPhase;
			buildActionMask = 2147483647;
			files = (
				6BED4F9226899A7000DA943B /* LaunchScreen.storyboard in Resources */,
				6BED4F8F26899A7000DA943B /* Preview Assets.xcassets in Resources */,
				6BED4F8C26899A7000DA943B /* Assets.xcassets in Resources */,
			);
			runOnlyForDeploymentPostprocessing = 0;
		};
/* End PBXResourcesBuildPhase section */

/* Begin PBXSourcesBuildPhase section */
		6BED4F7E26899A6E00DA943B /* Sources */ = {
			isa = PBXSourcesBuildPhase;
			buildActionMask = 2147483647;
			files = (
				6BED4F9D26899BED00DA943B /* EmojiViewDocument.swift in Sources */,
				6BED4F8626899A6E00DA943B /* AppDelegate.swift in Sources */,
				6BED4FA32689A6A100DA943B /* EmojiArtExtensions.swift in Sources */,
				6BED4F9F2689A29C00DA943B /* EmojiArt.swift in Sources */,
				6BED4F8826899A6E00DA943B /* SceneDelegate.swift in Sources */,
				6BED4F8A26899A6E00DA943B /* EmojiArtDocumentView.swift in Sources */,
			);
			runOnlyForDeploymentPostprocessing = 0;
		};
/* End PBXSourcesBuildPhase section */

/* Begin PBXVariantGroup section */
		6BED4F9026899A7000DA943B /* LaunchScreen.storyboard */ = {
			isa = PBXVariantGroup;
			children = (
				6BED4F9126899A7000DA943B /* Base */,
			);
			name = LaunchScreen.storyboard;
			sourceTree = "<group>";
		};
/* End PBXVariantGroup section */

/* Begin XCBuildConfiguration section */
		6BED4F9426899A7000DA943B /* Debug */ = {
			isa = XCBuildConfiguration;
			buildSettings = {
				ALWAYS_SEARCH_USER_PATHS = NO;
				CLANG_ANALYZER_NONNULL = YES;
				CLANG_ANALYZER_NUMBER_OBJECT_CONVERSION = YES_AGGRESSIVE;
				CLANG_CXX_LANGUAGE_STANDARD = "gnu++14";
				CLANG_CXX_LIBRARY = "libc++";
				CLANG_ENABLE_MODULES = YES;
				CLANG_ENABLE_OBJC_ARC = YES;
				CLANG_ENABLE_OBJC_WEAK = YES;
				CLANG_WARN_BLOCK_CAPTURE_AUTORELEASING = YES;
				CLANG_WARN_BOOL_CONVERSION = YES;
				CLANG_WARN_COMMA = YES;
				CLANG_WARN_CONSTANT_CONVERSION = YES;
				CLANG_WARN_DEPRECATED_OBJC_IMPLEMENTATIONS = YES;
				CLANG_WARN_DIRECT_OBJC_ISA_USAGE = YES_ERROR;
				CLANG_WARN_DOCUMENTATION_COMMENTS = YES;
				CLANG_WARN_EMPTY_BODY = YES;
				CLANG_WARN_ENUM_CONVERSION = YES;
				CLANG_WARN_INFINITE_RECURSION = YES;
				CLANG_WARN_INT_CONVERSION = YES;
				CLANG_WARN_NON_LITERAL_NULL_CONVERSION = YES;
				CLANG_WARN_OBJC_IMPLICIT_RETAIN_SELF = YES;
				CLANG_WARN_OBJC_LITERAL_CONVERSION = YES;
				CLANG_WARN_OBJC_ROOT_CLASS = YES_ERROR;
				CLANG_WARN_QUOTED_INCLUDE_IN_FRAMEWORK_HEADER = YES;
				CLANG_WARN_RANGE_LOOP_ANALYSIS = YES;
				CLANG_WARN_STRICT_PROTOTYPES = YES;
				CLANG_WARN_SUSPICIOUS_MOVE = YES;
				CLANG_WARN_UNGUARDED_AVAILABILITY = YES_AGGRESSIVE;
				CLANG_WARN_UNREACHABLE_CODE = YES;
				CLANG_WARN__DUPLICATE_METHOD_MATCH = YES;
				COPY_PHASE_STRIP = NO;
				DEBUG_INFORMATION_FORMAT = dwarf;
				ENABLE_STRICT_OBJC_MSGSEND = YES;
				ENABLE_TESTABILITY = YES;
				GCC_C_LANGUAGE_STANDARD = gnu11;
				GCC_DYNAMIC_NO_PIC = NO;
				GCC_NO_COMMON_BLOCKS = YES;
				GCC_OPTIMIZATION_LEVEL = 0;
				GCC_PREPROCESSOR_DEFINITIONS = (
					"DEBUG=1",
					"$(inherited)",
				);
				GCC_WARN_64_TO_32_BIT_CONVERSION = YES;
				GCC_WARN_ABOUT_RETURN_TYPE = YES_ERROR;
				GCC_WARN_UNDECLARED_SELECTOR = YES;
				GCC_WARN_UNINITIALIZED_AUTOS = YES_AGGRESSIVE;
				GCC_WARN_UNUSED_FUNCTION = YES;
				GCC_WARN_UNUSED_VARIABLE = YES;
				IPHONEOS_DEPLOYMENT_TARGET = 14.5;
				MTL_ENABLE_DEBUG_INFO = INCLUDE_SOURCE;
				MTL_FAST_MATH = YES;
				ONLY_ACTIVE_ARCH = YES;
				SDKROOT = iphoneos;
				SWIFT_ACTIVE_COMPILATION_CONDITIONS = DEBUG;
				SWIFT_OPTIMIZATION_LEVEL = "-Onone";
			};
			name = Debug;
		};
		6BED4F9526899A7000DA943B /* Release */ = {
			isa = XCBuildConfiguration;
			buildSettings = {
				ALWAYS_SEARCH_USER_PATHS = NO;
				CLANG_ANALYZER_NONNULL = YES;
				CLANG_ANALYZER_NUMBER_OBJECT_CONVERSION = YES_AGGRESSIVE;
				CLANG_CXX_LANGUAGE_STANDARD = "gnu++14";
				CLANG_CXX_LIBRARY = "libc++";
				CLANG_ENABLE_MODULES = YES;
				CLANG_ENABLE_OBJC_ARC = YES;
				CLANG_ENABLE_OBJC_WEAK = YES;
				CLANG_WARN_BLOCK_CAPTURE_AUTORELEASING = YES;
				CLANG_WARN_BOOL_CONVERSION = YES;
				CLANG_WARN_COMMA = YES;
				CLANG_WARN_CONSTANT_CONVERSION = YES;
				CLANG_WARN_DEPRECATED_OBJC_IMPLEMENTATIONS = YES;
				CLANG_WARN_DIRECT_OBJC_ISA_USAGE = YES_ERROR;
				CLANG_WARN_DOCUMENTATION_COMMENTS = YES;
				CLANG_WARN_EMPTY_BODY = YES;
				CLANG_WARN_ENUM_CONVERSION = YES;
				CLANG_WARN_INFINITE_RECURSION = YES;
				CLANG_WARN_INT_CONVERSION = YES;
				CLANG_WARN_NON_LITERAL_NULL_CONVERSION = YES;
				CLANG_WARN_OBJC_IMPLICIT_RETAIN_SELF = YES;
				CLANG_WARN_OBJC_LITERAL_CONVERSION = YES;
				CLANG_WARN_OBJC_ROOT_CLASS = YES_ERROR;
				CLANG_WARN_QUOTED_INCLUDE_IN_FRAMEWORK_HEADER = YES;
				CLANG_WARN_RANGE_LOOP_ANALYSIS = YES;
				CLANG_WARN_STRICT_PROTOTYPES = YES;
				CLANG_WARN_SUSPICIOUS_MOVE = YES;
				CLANG_WARN_UNGUARDED_AVAILABILITY = YES_AGGRESSIVE;
				CLANG_WARN_UNREACHABLE_CODE = YES;
				CLANG_WARN__DUPLICATE_METHOD_MATCH = YES;
				COPY_PHASE_STRIP = NO;
				DEBUG_INFORMATION_FORMAT = "dwarf-with-dsym";
				ENABLE_NS_ASSERTIONS = NO;
				ENABLE_STRICT_OBJC_MSGSEND = YES;
				GCC_C_LANGUAGE_STANDARD = gnu11;
				GCC_NO_COMMON_BLOCKS = YES;
				GCC_WARN_64_TO_32_BIT_CONVERSION = YES;
				GCC_WARN_ABOUT_RETURN_TYPE = YES_ERROR;
				GCC_WARN_UNDECLARED_SELECTOR = YES;
				GCC_WARN_UNINITIALIZED_AUTOS = YES_AGGRESSIVE;
				GCC_WARN_UNUSED_FUNCTION = YES;
				GCC_WARN_UNUSED_VARIABLE = YES;
				IPHONEOS_DEPLOYMENT_TARGET = 14.5;
				MTL_ENABLE_DEBUG_INFO = NO;
				MTL_FAST_MATH = YES;
				SDKROOT = iphoneos;
				SWIFT_COMPILATION_MODE = wholemodule;
				SWIFT_OPTIMIZATION_LEVEL = "-O";
				VALIDATE_PRODUCT = YES;
			};
			name = Release;
		};
		6BED4F9726899A7000DA943B /* Debug */ = {
			isa = XCBuildConfiguration;
			buildSettings = {
				ASSETCATALOG_COMPILER_APPICON_NAME = AppIcon;
				ASSETCATALOG_COMPILER_GLOBAL_ACCENT_COLOR_NAME = AccentColor;
				CODE_SIGN_STYLE = Automatic;
				DEVELOPMENT_ASSET_PATHS = "\"EmojiArt/Preview Content\"";
				DEVELOPMENT_TEAM = 9S6W953ZSY;
				ENABLE_PREVIEWS = YES;
				INFOPLIST_FILE = EmojiArt/Info.plist;
				LD_RUNPATH_SEARCH_PATHS = (
					"$(inherited)",
					"@executable_path/Frameworks",
				);
				PRODUCT_BUNDLE_IDENTIFIER = ibm801227.EmojiArt;
				PRODUCT_NAME = "$(TARGET_NAME)";
				SWIFT_VERSION = 5.0;
				TARGETED_DEVICE_FAMILY = "1,2";
			};
			name = Debug;
		};
		6BED4F9826899A7000DA943B /* Release */ = {
			isa = XCBuildConfiguration;
			buildSettings = {
				ASSETCATALOG_COMPILER_APPICON_NAME = AppIcon;
				ASSETCATALOG_COMPILER_GLOBAL_ACCENT_COLOR_NAME = AccentColor;
				CODE_SIGN_STYLE = Automatic;
				DEVELOPMENT_ASSET_PATHS = "\"EmojiArt/Preview Content\"";
				DEVELOPMENT_TEAM = 9S6W953ZSY;
				ENABLE_PREVIEWS = YES;
				INFOPLIST_FILE = EmojiArt/Info.plist;
				LD_RUNPATH_SEARCH_PATHS = (
					"$(inherited)",
					"@executable_path/Frameworks",
				);
				PRODUCT_BUNDLE_IDENTIFIER = ibm801227.EmojiArt;
				PRODUCT_NAME = "$(TARGET_NAME)";
				SWIFT_VERSION = 5.0;
				TARGETED_DEVICE_FAMILY = "1,2";
			};
			name = Release;
		};
/* End XCBuildConfiguration section */

/* Begin XCConfigurationList section */
		6BED4F7D26899A6E00DA943B /* Build configuration list for PBXProject "EmojiArt" */ = {
			isa = XCConfigurationList;
			buildConfigurations = (
				6BED4F9426899A7000DA943B /* Debug */,
				6BED4F9526899A7000DA943B /* Release */,
			);
			defaultConfigurationIsVisible = 0;
			defaultConfigurationName = Release;
		};
		6BED4F9626899A7000DA943B /* Build configuration list for PBXNativeTarget "EmojiArt" */ = {
			isa = XCConfigurationList;
			buildConfigurations = (
				6BED4F9726899A7000DA943B /* Debug */,
				6BED4F9826899A7000DA943B /* Release */,
			);
			defaultConfigurationIsVisible = 0;
			defaultConfigurationName = Release;
		};
/* End XCConfigurationList section */
	};
	rootObject = 6BED4F7A26899A6E00DA943B /* Project object */;
}
